
Microsoft Visual Studio Solution File, Format Version 12.00
# Visual Studio Version 17
VisualStudioVersion = 17.1.31911.260
MinimumVisualStudioVersion = 10.0.40219.1
Project("{FAE04EC0-301F-11D3-BF4B-00C04F79EFBC}") = "ConsoleApp9", "ConsoleApp9\ConsoleApp9.csproj", "{9E3127CE-1617-4785-8CE8-2AA295163C79}"
EndProject
Global
	GlobalSection(SolutionConfigurationPlatforms) = preSolution
		Debug|Any CPU = Debug|Any CPU
		Release|Any CPU = Release|Any CPU
	EndGlobalSection
	GlobalSection(ProjectConfigurationPlatforms) = postSolution
		{9E3127CE-1617-4785-8CE8-2AA295163C79}.Debug|Any CPU.ActiveCfg = Debug|Any CPU
		{9E3127CE-1617-4785-8CE8-2AA295163C79}.Debug|Any CPU.Build.0 = Debug|Any CPU
		{9E3127CE-1617-4785-8CE8-2AA295163C79}.Release|Any CPU.ActiveCfg = Release|Any CPU
		{9E3127CE-1617-4785-8CE8-2AA295163C79}.Release|Any CPU.Build.0 = Release|Any CPU
	EndGlobalSection
	GlobalSection(SolutionProperties) = preSolution
		HideSolutionNode = FALSE
	EndGlobalSection
	GlobalSection(ExtensibilityGlobals) = postSolution
		SolutionGuid = {EE40EAB1-306B-46FA-850F-6B2B0013C835}
	EndGlobalSection
EndGlobal
